
Microsoft Visual Studio Solution File, Format Version 12.00
# Visual Studio Version 16
VisualStudioVersion = 16.0.31129.286
MinimumVisualStudioVersion = 10.0.40219.1
Project("{FAE04EC0-301F-11D3-BF4B-00C04F79EFBC}") = "Memory_Game_Project", "Memory_Game_Project.csproj", "{579FE2E3-9801-4A33-AA70-D75CE095AF80}"
EndProject
Global
	GlobalSection(SolutionConfigurationPlatforms) = preSolution
		Debug|Any CPU = Debug|Any CPU
		Release|Any CPU = Release|Any CPU
	EndGlobalSection
	GlobalSection(ProjectConfigurationPlatforms) = postSolution
		{579FE2E3-9801-4A33-AA70-D75CE095AF80}.Debug|Any CPU.ActiveCfg = Debug|Any CPU
		{579FE2E3-9801-4A33-AA70-D75CE095AF80}.Debug|Any CPU.Build.0 = Debug|Any CPU
		{579FE2E3-9801-4A33-AA70-D75CE095AF80}.Release|Any CPU.ActiveCfg = Release|Any CPU
		{579FE2E3-9801-4A33-AA70-D75CE095AF80}.Release|Any CPU.Build.0 = Release|Any CPU
	EndGlobalSection
	GlobalSection(SolutionProperties) = preSolution
		HideSolutionNode = FALSE
	EndGlobalSection
	GlobalSection(ExtensibilityGlobals) = postSolution
		SolutionGuid = {5599E199-0083-48CA-8D1D-EA230FC5946C}
	EndGlobalSection
EndGlobal
